
Microsoft Visual Studio Solution File, Format Version 12.00
# Visual Studio Version 16
VisualStudioVersion = 16.0.31729.503
MinimumVisualStudioVersion = 10.0.40219.1
Project("{9A19103F-16F7-4668-BE54-9A1E7A4F7556}") = "Assessment", "Assessment\Assessment.csproj", "{1E421650-30A8-49EB-B3FA-270C4B2BC7B0}"
EndProject
Global
	GlobalSection(SolutionConfigurationPlatforms) = preSolution
		Debug|Any CPU = Debug|Any CPU
		Release|Any CPU = Release|Any CPU
	EndGlobalSection
	GlobalSection(ProjectConfigurationPlatforms) = postSolution
		{1E421650-30A8-49EB-B3FA-270C4B2BC7B0}.Debug|Any CPU.ActiveCfg = Debug|Any CPU
		{1E421650-30A8-49EB-B3FA-270C4B2BC7B0}.Debug|Any CPU.Build.0 = Debug|Any CPU
		{1E421650-30A8-49EB-B3FA-270C4B2BC7B0}.Release|Any CPU.ActiveCfg = Release|Any CPU
		{1E421650-30A8-49EB-B3FA-270C4B2BC7B0}.Release|Any CPU.Build.0 = Release|Any CPU
	EndGlobalSection
	GlobalSection(SolutionProperties) = preSolution
		HideSolutionNode = FALSE
	EndGlobalSection
	GlobalSection(ExtensibilityGlobals) = postSolution
		SolutionGuid = {187FEDB0-3F46-45D8-9EAB-DD27F96FD6FF}
	EndGlobalSection
EndGlobal
